
Microsoft Visual Studio Solution File, Format Version 12.00
# Visual Studio Version 16
VisualStudioVersion = 16.0.29709.97
MinimumVisualStudioVersion = 10.0.40219.1
Project("{9A19103F-16F7-4668-BE54-9A1E7A4F7556}") = "HawaiiCrimeDetails", "HawaiiCrimeDetails.csproj", "{CC50AF3C-201C-4942-8A49-98D525ADE47E}"
EndProject
Global
	GlobalSection(SolutionConfigurationPlatforms) = preSolution
		Debug|Any CPU = Debug|Any CPU
		Release|Any CPU = Release|Any CPU
	EndGlobalSection
	GlobalSection(ProjectConfigurationPlatforms) = postSolution
		{CC50AF3C-201C-4942-8A49-98D525ADE47E}.Debug|Any CPU.ActiveCfg = Debug|Any CPU
		{CC50AF3C-201C-4942-8A49-98D525ADE47E}.Debug|Any CPU.Build.0 = Debug|Any CPU
		{CC50AF3C-201C-4942-8A49-98D525ADE47E}.Release|Any CPU.ActiveCfg = Release|Any CPU
		{CC50AF3C-201C-4942-8A49-98D525ADE47E}.Release|Any CPU.Build.0 = Release|Any CPU
	EndGlobalSection
	GlobalSection(SolutionProperties) = preSolution
		HideSolutionNode = FALSE
	EndGlobalSection
	GlobalSection(ExtensibilityGlobals) = postSolution
		SolutionGuid = {B7CAE9CC-30D7-4B34-9921-0B288EEDD773}
	EndGlobalSection
EndGlobal
